
Microsoft Visual Studio Solution File, Format Version 12.00
# Visual Studio Version 17
VisualStudioVersion = 17.3.32901.215
MinimumVisualStudioVersion = 10.0.40219.1
Project("{FAE04EC0-301F-11D3-BF4B-00C04F79EFBC}") = "ProductData", "ProductData\ProductData.csproj", "{A0084A20-DF18-4E0A-85D7-19A0E8D8239B}"
EndProject
Global
	GlobalSection(SolutionConfigurationPlatforms) = preSolution
		Debug|Any CPU = Debug|Any CPU
		Release|Any CPU = Release|Any CPU
	EndGlobalSection
	GlobalSection(ProjectConfigurationPlatforms) = postSolution
		{A0084A20-DF18-4E0A-85D7-19A0E8D8239B}.Debug|Any CPU.ActiveCfg = Debug|Any CPU
		{A0084A20-DF18-4E0A-85D7-19A0E8D8239B}.Debug|Any CPU.Build.0 = Debug|Any CPU
		{A0084A20-DF18-4E0A-85D7-19A0E8D8239B}.Release|Any CPU.ActiveCfg = Release|Any CPU
		{A0084A20-DF18-4E0A-85D7-19A0E8D8239B}.Release|Any CPU.Build.0 = Release|Any CPU
	EndGlobalSection
	GlobalSection(SolutionProperties) = preSolution
		HideSolutionNode = FALSE
	EndGlobalSection
	GlobalSection(ExtensibilityGlobals) = postSolution
		SolutionGuid = {406CC39B-C61D-4C0B-B93A-296906451888}
	EndGlobalSection
EndGlobal
